// !$*UTF8*$!
{
	archiveVersion = 1;
	classes = {
	};
	objectVersion = 46;
	objects = {

/* Begin PBXBuildFile section */
		4AF9E3121B03B36200066F60 /* main.m in Sources */ = {isa = PBXBuildFile; fileRef = 4AF9E3111B03B36200066F60 /* main.m */; };
		4AF9E3151B03B36200066F60 /* AppDelegate.m in Sources */ = {isa = PBXBuildFile; fileRef = 4AF9E3141B03B36200066F60 /* AppDelegate.m */; };
		4AF9E3181B03B36200066F60 /* ViewController.m in Sources */ = {isa = PBXBuildFile; fileRef = 4AF9E3171B03B36200066F60 /* ViewController.m */; };
		4AF9E31B1B03B36200066F60 /* Main.storyboard in Resources */ = {isa = PBXBuildFile; fileRef = 4AF9E3191B03B36200066F60 /* Main.storyboard */; };
		4AF9E31D1B03B36200066F60 /* Images.xcassets in Resources */ = {isa = PBXBuildFile; fileRef = 4AF9E31C1B03B36200066F60 /* Images.xcassets */; };
		4AF9E3201B03B36200066F60 /* LaunchScreen.xib in Resources */ = {isa = PBXBuildFile; fileRef = 4AF9E31E1B03B36200066F60 /* LaunchScreen.xib */; };
		4AF9E32C1B03B36200066F60 /* SimpleLocalNotificationTestTests.m in Sources */ = {isa = PBXBuildFile; fileRef = 4AF9E32B1B03B36200066F60 /* SimpleLocalNotificationTestTests.m */; };
/* End PBXBuildFile section */

/* Begin PBXContainerItemProxy section */
		4AF9E3261B03B36200066F60 /* PBXContainerItemProxy */ = {
			isa = PBXContainerItemProxy;
			containerPortal = 4AF9E3041B03B36200066F60 /* Project object */;
			proxyType = 1;
			remoteGlobalIDString = 4AF9E30B1B03B36200066F60;
			remoteInfo = SimpleLocalNotificationTest;
		};
/* End PBXContainerItemProxy section */

/* Begin PBXFileReference section */
		4AF9E30C1B03B36200066F60 /* SimpleLocalNotificationTest.app */ = {isa = PBXFileReference; explicitFileType = wrapper.application; includeInIndex = 0; path = SimpleLocalNotificationTest.app; sourceTree = BUILT_PRODUCTS_DIR; };
		4AF9E3101B03B36200066F60 /* Info.plist */ = {isa = PBXFileReference; lastKnownFileType = text.plist.xml; path = Info.plist; sourceTree = "<group>"; };
		4AF9E3111B03B36200066F60 /* main.m */ = {isa = PBXFileReference; lastKnownFileType = sourcecode.c.objc; path = main.m; sourceTree = "<group>"; };
		4AF9E3131B03B36200066F60 /* AppDelegate.h */ = {isa = PBXFileReference; lastKnownFileType = sourcecode.c.h; path = AppDelegate.h; sourceTree = "<group>"; };
		4AF9E3141B03B36200066F60 /* AppDelegate.m */ = {isa = PBXFileReference; lastKnownFileType = sourcecode.c.objc; path = AppDelegate.m; sourceTree = "<group>"; };
		4AF9E3161B03B36200066F60 /* ViewController.h */ = {isa = PBXFileReference; lastKnownFileType = sourcecode.c.h; path = ViewController.h; sourceTree = "<group>"; };
		4AF9E3171B03B36200066F60 /* ViewController.m */ = {isa = PBXFileReference; lastKnownFileType = sourcecode.c.objc; path = ViewController.m; sourceTree = "<group>"; };
		4AF9E31A1B03B36200066F60 /* Base */ = {isa = PBXFileReference; lastKnownFileType = file.storyboard; name = Base; path = Base.lproj/Main.storyboard; sourceTree = "<group>"; };
		4AF9E31C1B03B36200066F60 /* Images.xcassets */ = {isa = PBXFileReference; lastKnownFileType = folder.assetcatalog; path = Images.xcassets; sourceTree = "<group>"; };
		4AF9E31F1B03B36200066F60 /* Base */ = {isa = PBXFileReference; lastKnownFileType = file.xib; name = Base; path = Base.lproj/LaunchScreen.xib; sourceTree = "<group>"; };
		4AF9E3251B03B36200066F60 /* SimpleLocalNotificationTestTests.xctest */ = {isa = PBXFileReference; explicitFileType = wrapper.cfbundle; includeInIndex = 0; path = SimpleLocalNotificationTestTests.xctest; sourceTree = BUILT_PRODUCTS_DIR; };
		4AF9E32A1B03B36200066F60 /* Info.plist */ = {isa = PBXFileReference; lastKnownFileType = text.plist.xml; path = Info.plist; sourceTree = "<group>"; };
		4AF9E32B1B03B36200066F60 /* SimpleLocalNotificationTestTests.m */ = {isa = PBXFileReference; lastKnownFileType = sourcecode.c.objc; path = SimpleLocalNotificationTestTests.m; sourceTree = "<group>"; };
/* End PBXFileReference section */

/* Begin PBXFrameworksBuildPhase section */
		4AF9E3091B03B36200066F60 /* Frameworks */ = {
			isa = PBXFrameworksBuildPhase;
			buildActionMask = 2147483647;
			files = (
			);
			runOnlyForDeploymentPostprocessing = 0;
		};
		4AF9E3221B03B36200066F60 /* Frameworks */ = {
			isa = PBXFrameworksBuildPhase;
			buildActionMask = 2147483647;
			files = (
			);
			runOnlyForDeploymentPostprocessing = 0;
		};
/* End PBXFrameworksBuildPhase section */

/* Begin PBXGroup section */
		4AF9E3031B03B36200066F60 = {
			isa = PBXGroup;
			children = (
				4AF9E30E1B03B36200066F60 /* SimpleLocalNotificationTest */,
				4AF9E3281B03B36200066F60 /* SimpleLocalNotificationTestTests */,
				4AF9E30D1B03B36200066F60 /* Products */,
			);
			sourceTree = "<group>";
		};
		4AF9E30D1B03B36200066F60 /* Products */ = {
			isa = PBXGroup;
			children = (
				4AF9E30C1B03B36200066F60 /* SimpleLocalNotificationTest.app */,
				4AF9E3251B03B36200066F60 /* SimpleLocalNotificationTestTests.xctest */,
			);
			name = Products;
			sourceTree = "<group>";
		};
		4AF9E30E1B03B36200066F60 /* SimpleLocalNotificationTest */ = {
			isa = PBXGroup;
			children = (
				4AF9E3131B03B36200066F60 /* AppDelegate.h */,
				4AF9E3141B03B36200066F60 /* AppDelegate.m */,
				4AF9E3161B03B36200066F60 /* ViewController.h */,
				4AF9E3171B03B36200066F60 /* ViewController.m */,
				4AF9E3191B03B36200066F60 /* Main.storyboard */,
				4AF9E31C1B03B36200066F60 /* Images.xcassets */,
				4AF9E31E1B03B36200066F60 /* LaunchScreen.xib */,
				4AF9E30F1B03B36200066F60 /* Supporting Files */,
			);
			path = SimpleLocalNotificationTest;
			sourceTree = "<group>";
		};
		4AF9E30F1B03B36200066F60 /* Supporting Files */ = {
			isa = PBXGroup;
			children = (
				4AF9E3101B03B36200066F60 /* Info.plist */,
				4AF9E3111B03B36200066F60 /* main.m */,
			);
			name = "Supporting Files";
			sourceTree = "<group>";
		};
		4AF9E3281B03B36200066F60 /* SimpleLocalNotificationTestTests */ = {
			isa = PBXGroup;
			children = (
				4AF9E32B1B03B36200066F60 /* SimpleLocalNotificationTestTests.m */,
				4AF9E3291B03B36200066F60 /* Supporting Files */,
			);
			path = SimpleLocalNotificationTestTests;
			sourceTree = "<group>";
		};
		4AF9E3291B03B36200066F60 /* Supporting Files */ = {
			isa = PBXGroup;
			children = (
				4AF9E32A1B03B36200066F60 /* Info.plist */,
			);
			name = "Supporting Files";
			sourceTree = "<group>";
		};
/* End PBXGroup section */

/* Begin PBXNativeTarget section */
		4AF9E30B1B03B36200066F60 /* SimpleLocalNotificationTest */ = {
			isa = PBXNativeTarget;
			buildConfigurationList = 4AF9E32F1B03B36200066F60 /* Build configuration list for PBXNativeTarget "SimpleLocalNotificationTest" */;
			buildPhases = (
				4AF9E3081B03B36200066F60 /* Sources */,
				4AF9E3091B03B36200066F60 /* Frameworks */,
				4AF9E30A1B03B36200066F60 /* Resources */,
			);
			buildRules = (
			);
			dependencies = (
			);
			name = SimpleLocalNotificationTest;
			productName = SimpleLocalNotificationTest;
			productReference = 4AF9E30C1B03B36200066F60 /* SimpleLocalNotificationTest.app */;
			productType = "com.apple.product-type.application";
		};
		4AF9E3241B03B36200066F60 /* SimpleLocalNotificationTestTests */ = {
			isa = PBXNativeTarget;
			buildConfigurationList = 4AF9E3321B03B36200066F60 /* Build configuration list for PBXNativeTarget "SimpleLocalNotificationTestTests" */;
			buildPhases = (
				4AF9E3211B03B36200066F60 /* Sources */,
				4AF9E3221B03B36200066F60 /* Frameworks */,
				4AF9E3231B03B36200066F60 /* Resources */,
			);
			buildRules = (
			);
			dependencies = (
				4AF9E3271B03B36200066F60 /* PBXTargetDependency */,
			);
			name = SimpleLocalNotificationTestTests;
			productName = SimpleLocalNotificationTestTests;
			productReference = 4AF9E3251B03B36200066F60 /* SimpleLocalNotificationTestTests.xctest */;
			productType = "com.apple.product-type.bundle.unit-test";
		};
/* End PBXNativeTarget section */

/* Begin PBXProject section */
		4AF9E3041B03B36200066F60 /* Project object */ = {
			isa = PBXProject;
			attributes = {
				LastUpgradeCheck = 0630;
				ORGANIZATIONNAME = "HeeMeng Foo";
				TargetAttributes = {
					4AF9E30B1B03B36200066F60 = {
						CreatedOnToolsVersion = 6.3.1;
					};
					4AF9E3241B03B36200066F60 = {
						CreatedOnToolsVersion = 6.3.1;
						TestTargetID = 4AF9E30B1B03B36200066F60;
					};
				};
			};
			buildConfigurationList = 4AF9E3071B03B36200066F60 /* Build configuration list for PBXProject "SimpleLocalNotificationTest" */;
			compatibilityVersion = "Xcode 3.2";
			developmentRegion = English;
			hasScannedForEncodings = 0;
			knownRegions = (
				en,
				Base,
			);
			mainGroup = 4AF9E3031B03B36200066F60;
			productRefGroup = 4AF9E30D1B03B36200066F60 /* Products */;
			projectDirPath = "";
			projectRoot = "";
			targets = (
				4AF9E30B1B03B36200066F60 /* SimpleLocalNotificationTest */,
				4AF9E3241B03B36200066F60 /* SimpleLocalNotificationTestTests */,
			);
		};
/* End PBXProject section */

/* Begin PBXResourcesBuildPhase section */
		4AF9E30A1B03B36200066F60 /* Resources */ = {
			isa = PBXResourcesBuildPhase;
			buildActionMask = 2147483647;
			files = (
				4AF9E31B1B03B36200066F60 /* Main.storyboard in Resources */,
				4AF9E3201B03B36200066F60 /* LaunchScreen.xib in Resources */,
				4AF9E31D1B03B36200066F60 /* Images.xcassets in Resources */,
			);
			runOnlyForDeploymentPostprocessing = 0;
		};
		4AF9E3231B03B36200066F60 /* Resources */ = {
			isa = PBXResourcesBuildPhase;
			buildActionMask = 2147483647;
			files = (
			);
			runOnlyForDeploymentPostprocessing = 0;
		};
/* End PBXResourcesBuildPhase section */

/* Begin PBXSourcesBuildPhase section */
		4AF9E3081B03B36200066F60 /* Sources */ = {
			isa = PBXSourcesBuildPhase;
			buildActionMask = 2147483647;
			files = (
				4AF9E3181B03B36200066F60 /* ViewController.m in Sources */,
				4AF9E3151B03B36200066F60 /* AppDelegate.m in Sources */,
				4AF9E3121B03B36200066F60 /* main.m in Sources */,
			);
			runOnlyForDeploymentPostprocessing = 0;
		};
		4AF9E3211B03B36200066F60 /* Sources */ = {
			isa = PBXSourcesBuildPhase;
			buildActionMask = 2147483647;
			files = (
				4AF9E32C1B03B36200066F60 /* SimpleLocalNotificationTestTests.m in Sources */,
			);
			runOnlyForDeploymentPostprocessing = 0;
		};
/* End PBXSourcesBuildPhase section */

/* Begin PBXTargetDependency section */
		4AF9E3271B03B36200066F60 /* PBXTargetDependency */ = {
			isa = PBXTargetDependency;
			target = 4AF9E30B1B03B36200066F60 /* SimpleLocalNotificationTest */;
			targetProxy = 4AF9E3261B03B36200066F60 /* PBXContainerItemProxy */;
		};
/* End PBXTargetDependency section */

/* Begin PBXVariantGroup section */
		4AF9E3191B03B36200066F60 /* Main.storyboard */ = {
			isa = PBXVariantGroup;
			children = (
				4AF9E31A1B03B36200066F60 /* Base */,
			);
			name = Main.storyboard;
			sourceTree = "<group>";
		};
		4AF9E31E1B03B36200066F60 /* LaunchScreen.xib */ = {
			isa = PBXVariantGroup;
			children = (
				4AF9E31F1B03B36200066F60 /* Base */,
			);
			name = LaunchScreen.xib;
			sourceTree = "<group>";
		};
/* End PBXVariantGroup section */

/* Begin XCBuildConfiguration section */
		4AF9E32D1B03B36200066F60 /* Debug */ = {
			isa = XCBuildConfiguration;
			buildSettings = {
				ALWAYS_SEARCH_USER_PATHS = NO;
				CLANG_CXX_LANGUAGE_STANDARD = "gnu++0x";
				CLANG_CXX_LIBRARY = "libc++";
				CLANG_ENABLE_MODULES = YES;
				CLANG_ENABLE_OBJC_ARC = YES;
				CLANG_WARN_BOOL_CONVERSION = YES;
				CLANG_WARN_CONSTANT_CONVERSION = YES;
				CLANG_WARN_DIRECT_OBJC_ISA_USAGE = YES_ERROR;
				CLANG_WARN_EMPTY_BODY = YES;
				CLANG_WARN_ENUM_CONVERSION = YES;
				CLANG_WARN_INT_CONVERSION = YES;
				CLANG_WARN_OBJC_ROOT_CLASS = YES_ERROR;
				CLANG_WARN_UNREACHABLE_CODE = YES;
				CLANG_WARN__DUPLICATE_METHOD_MATCH = YES;
				"CODE_SIGN_IDENTITY[sdk=iphoneos*]" = "iPhone Developer";
				COPY_PHASE_STRIP = NO;
				DEBUG_INFORMATION_FORMAT = "dwarf-with-dsym";
				ENABLE_STRICT_OBJC_MSGSEND = YES;
				GCC_C_LANGUAGE_STANDARD = gnu99;
				GCC_DYNAMIC_NO_PIC = NO;
				GCC_NO_COMMON_BLOCKS = YES;
				GCC_OPTIMIZATION_LEVEL = 0;
				GCC_PREPROCESSOR_DEFINITIONS = (
					"DEBUG=1",
					"$(inherited)",
				);
				GCC_SYMBOLS_PRIVATE_EXTERN = NO;
				GCC_WARN_64_TO_32_BIT_CONVERSION = YES;
				GCC_WARN_ABOUT_RETURN_TYPE = YES_ERROR;
				GCC_WARN_UNDECLARED_SELECTOR = YES;
				GCC_WARN_UNINITIALIZED_AUTOS = YES_AGGRESSIVE;
				GCC_WARN_UNUSED_FUNCTION = YES;
				GCC_WARN_UNUSED_VARIABLE = YES;
				IPHONEOS_DEPLOYMENT_TARGET = 8.3;
				MTL_ENABLE_DEBUG_INFO = YES;
				ONLY_ACTIVE_ARCH = YES;
				SDKROOT = iphoneos;
				TARGETED_DEVICE_FAMILY = "1,2";
			};
			name = Debug;
		};
		4AF9E32E1B03B36200066F60 /* Release */ = {
			isa = XCBuildConfiguration;
			buildSettings = {
				ALWAYS_SEARCH_USER_PATHS = NO;
				CLANG_CXX_LANGUAGE_STANDARD = "gnu++0x";
				CLANG_CXX_LIBRARY = "libc++";
				CLANG_ENABLE_MODULES = YES;
				CLANG_ENABLE_OBJC_ARC = YES;
				CLANG_WARN_BOOL_CONVERSION = YES;
				CLANG_WARN_CONSTANT_CONVERSION = YES;
				CLANG_WARN_DIRECT_OBJC_ISA_USAGE = YES_ERROR;
				CLANG_WARN_EMPTY_BODY = YES;
				CLANG_WARN_ENUM_CONVERSION = YES;
				CLANG_WARN_INT_CONVERSION = YES;
				CLANG_WARN_OBJC_ROOT_CLASS = YES_ERROR;
				CLANG_WARN_UNREACHABLE_CODE = YES;
				CLANG_WARN__DUPLICATE_METHOD_MATCH = YES;
				"CODE_SIGN_IDENTITY[sdk=iphoneos*]" = "iPhone Developer";
				COPY_PHASE_STRIP = NO;
				DEBUG_INFORMATION_FORMAT = "dwarf-with-dsym";
				ENABLE_NS_ASSERTIONS = NO;
				ENABLE_STRICT_OBJC_MSGSEND = YES;
				GCC_C_LANGUAGE_STANDARD = gnu99;
				GCC_NO_COMMON_BLOCKS = YES;
				GCC_WARN_64_TO_32_BIT_CONVERSION = YES;
				GCC_WARN_ABOUT_RETURN_TYPE = YES_ERROR;
				GCC_WARN_UNDECLARED_SELECTOR = YES;
				GCC_WARN_UNINITIALIZED_AUTOS = YES_AGGRESSIVE;
				GCC_WARN_UNUSED_FUNCTION = YES;
				GCC_WARN_UNUSED_VARIABLE = YES;
				IPHONEOS_DEPLOYMENT_TARGET = 8.3;
				MTL_ENABLE_DEBUG_INFO = NO;
				SDKROOT = iphoneos;
				TARGETED_DEVICE_FAMILY = "1,2";
				VALIDATE_PRODUCT = YES;
			};
			name = Release;
		};
		4AF9E3301B03B36200066F60 /* Debug */ = {
			isa = XCBuildConfiguration;
			buildSettings = {
				ASSETCATALOG_COMPILER_APPICON_NAME = AppIcon;
				INFOPLIST_FILE = SimpleLocalNotificationTest/Info.plist;
				LD_RUNPATH_SEARCH_PATHS = "$(inherited) @executable_path/Frameworks";
				PRODUCT_NAME = "$(TARGET_NAME)";
			};
			name = Debug;
		};
		4AF9E3311B03B36200066F60 /* Release */ = {
			isa = XCBuildConfiguration;
			buildSettings = {
				ASSETCATALOG_COMPILER_APPICON_NAME = AppIcon;
				INFOPLIST_FILE = SimpleLocalNotificationTest/Info.plist;
				LD_RUNPATH_SEARCH_PATHS = "$(inherited) @executable_path/Frameworks";
				PRODUCT_NAME = "$(TARGET_NAME)";
			};
			name = Release;
		};
		4AF9E3331B03B36200066F60 /* Debug */ = {
			isa = XCBuildConfiguration;
			buildSettings = {
				BUNDLE_LOADER = "$(TEST_HOST)";
				FRAMEWORK_SEARCH_PATHS = (
					"$(SDKROOT)/Developer/Library/Frameworks",
					"$(inherited)",
				);
				GCC_PREPROCESSOR_DEFINITIONS = (
					"DEBUG=1",
					"$(inherited)",
				);
				INFOPLIST_FILE = SimpleLocalNotificationTestTests/Info.plist;
				LD_RUNPATH_SEARCH_PATHS = "$(inherited) @executable_path/Frameworks @loader_path/Frameworks";
				PRODUCT_NAME = "$(TARGET_NAME)";
				TEST_HOST = "$(BUILT_PRODUCTS_DIR)/SimpleLocalNotificationTest.app/SimpleLocalNotificationTest";
			};
			name = Debug;
		};
		4AF9E3341B03B36200066F60 /* Release */ = {
			isa = XCBuildConfiguration;
			buildSettings = {
				BUNDLE_LOADER = "$(TEST_HOST)";
				FRAMEWORK_SEARCH_PATHS = (
					"$(SDKROOT)/Developer/Library/Frameworks",
					"$(inherited)",
				);
				INFOPLIST_FILE = SimpleLocalNotificationTestTests/Info.plist;
				LD_RUNPATH_SEARCH_PATHS = "$(inherited) @executable_path/Frameworks @loader_path/Frameworks";
				PRODUCT_NAME = "$(TARGET_NAME)";
				TEST_HOST = "$(BUILT_PRODUCTS_DIR)/SimpleLocalNotificationTest.app/SimpleLocalNotificationTest";
			};
			name = Release;
		};
/* End XCBuildConfiguration section */

/* Begin XCConfigurationList section */
		4AF9E3071B03B36200066F60 /* Build configuration list for PBXProject "SimpleLocalNotificationTest" */ = {
			isa = XCConfigurationList;
			buildConfigurations = (
				4AF9E32D1B03B36200066F60 /* Debug */,
				4AF9E32E1B03B36200066F60 /* Release */,
			);
			defaultConfigurationIsVisible = 0;
			defaultConfigurationName = Release;
		};
		4AF9E32F1B03B36200066F60 /* Build configuration list for PBXNativeTarget "SimpleLocalNotificationTest" */ = {
			isa = XCConfigurationList;
			buildConfigurations = (
				4AF9E3301B03B36200066F60 /* Debug */,
				4AF9E3311B03B36200066F60 /* Release */,
			);
			defaultConfigurationIsVisible = 0;
		};
		4AF9E3321B03B36200066F60 /* Build configuration list for PBXNativeTarget "SimpleLocalNotificationTestTests" */ = {
			isa = XCConfigurationList;
			buildConfigurations = (
				4AF9E3331B03B36200066F60 /* Debug */,
				4AF9E3341B03B36200066F60 /* Release */,
			);
			defaultConfigurationIsVisible = 0;
		};
/* End XCConfigurationList section */
	};
	rootObject = 4AF9E3041B03B36200066F60 /* Project object */;
}
